PODS:
  - Alamofire (5.4.3)
  - Nuke (10.3.2)

DEPENDENCIES:
  - Alamofire (~> 5.2)
  - Nuke (~> 10.3.2)

SPEC REPOS:
  trunk:
    - Alamofire
    - Nuke

SPEC CHECKSUMS:
  Alamofire: e447a2774a40c996748296fa2c55112fdbbc42f9
  Nuke: c8be8025c78fedebe3dc9bc9a4a00f16e33921a7

PODFILE CHECKSUM: 611874a892d4d99f55e7b6d14d621795cfd77a61

COCOAPODS: 1.11.0.beta.2
