// !$*UTF8*$!
{
	archiveVersion = 1;
	classes = {
	};
	objectVersion = 51;
	objects = {

/* Begin PBXBuildFile section */
		3372C0ABF6850A86FCA11BC6 /* Pods_NFTAPIDemoTests.framework in Frameworks */ = {isa = PBXBuildFile; fileRef = 0031D2FE20DE83D87CEE1C15 /* Pods_NFTAPIDemoTests.framework */; };
		3E001134CBE8A8D0B553600E /* Pods_NFTAPIDemo.framework in Frameworks */ = {isa = PBXBuildFile; fileRef = 5CAF544B3E231F7EF14AFE79 /* Pods_NFTAPIDemo.framework */; };
		B42D88E126B8221A000FD120 /* OpenSea.swift in Sources */ = {isa = PBXBuildFile; fileRef = B42D88E026B8221A000FD120 /* OpenSea.swift */; };
		B42D88EA26B98EA3000FD120 /* User.swift in Sources */ = {isa = PBXBuildFile; fileRef = B42D88E826B98EA3000FD120 /* User.swift */; };
		B42D88EB26B98EA3000FD120 /* Article.swift in Sources */ = {isa = PBXBuildFile; fileRef = B42D88E926B98EA3000FD120 /* Article.swift */; };
		B42D88ED26B99823000FD120 /* NFTTableViewCell.swift in Sources */ = {isa = PBXBuildFile; fileRef = B42D88EC26B99823000FD120 /* NFTTableViewCell.swift */; };
		B42D88EF26B9BF6E000FD120 /* WebViewController.storyboard in Resources */ = {isa = PBXBuildFile; fileRef = B42D88EE26B9BF6E000FD120 /* WebViewController.storyboard */; };
		B42D88F126B9BF9E000FD120 /* WebViewController.swift in Sources */ = {isa = PBXBuildFile; fileRef = B42D88F026B9BF9E000FD120 /* WebViewController.swift */; };
		B42D88F326B9BFF9000FD120 /* WebKit.framework in Frameworks */ = {isa = PBXBuildFile; fileRef = B42D88F226B9BFF9000FD120 /* WebKit.framework */; };
		B4CD78B326B724E70026D798 /* AppDelegate.swift in Sources */ = {isa = PBXBuildFile; fileRef = B4CD78B226B724E70026D798 /* AppDelegate.swift */; };
		B4CD78B526B724E70026D798 /* SceneDelegate.swift in Sources */ = {isa = PBXBuildFile; fileRef = B4CD78B426B724E70026D798 /* SceneDelegate.swift */; };
		B4CD78B726B724E70026D798 /* ViewController.swift in Sources */ = {isa = PBXBuildFile; fileRef = B4CD78B626B724E70026D798 /* ViewController.swift */; };
		B4CD78BA26B724E70026D798 /* Main.storyboard in Resources */ = {isa = PBXBuildFile; fileRef = B4CD78B826B724E70026D798 /* Main.storyboard */; };
		B4CD78BC26B724E90026D798 /* Assets.xcassets in Resources */ = {isa = PBXBuildFile; fileRef = B4CD78BB26B724E90026D798 /* Assets.xcassets */; };
		B4CD78BF26B724E90026D798 /* LaunchScreen.storyboard in Resources */ = {isa = PBXBuildFile; fileRef = B4CD78BD26B724E90026D798 /* LaunchScreen.storyboard */; };
		B4CD78CA26B724E90026D798 /* NFTAPIDemoTests.swift in Sources */ = {isa = PBXBuildFile; fileRef = B4CD78C926B724E90026D798 /* NFTAPIDemoTests.swift */; };
		B4CD78D526B724E90026D798 /* NFTAPIDemoUITests.swift in Sources */ = {isa = PBXBuildFile; fileRef = B4CD78D426B724E90026D798 /* NFTAPIDemoUITests.swift */; };
		D842F35F7634D05CBFA07E3F /* Pods_NFTAPIDemo_NFTAPIDemoUITests.framework in Frameworks */ = {isa = PBXBuildFile; fileRef = 5B635A682C987EFDAE44AEC6 /* Pods_NFTAPIDemo_NFTAPIDemoUITests.framework */; };
/* End PBXBuildFile section */

/* Begin PBXContainerItemProxy section */
		B4CD78C626B724E90026D798 /* PBXContainerItemProxy */ = {
			isa = PBXContainerItemProxy;
			containerPortal = B4CD78A726B724E70026D798 /* Project object */;
			proxyType = 1;
			remoteGlobalIDString = B4CD78AE26B724E70026D798;
			remoteInfo = NFTAPIDemo;
		};
		B4CD78D126B724E90026D798 /* PBXContainerItemProxy */ = {
			isa = PBXContainerItemProxy;
			containerPortal = B4CD78A726B724E70026D798 /* Project object */;
			proxyType = 1;
			remoteGlobalIDString = B4CD78AE26B724E70026D798;
			remoteInfo = NFTAPIDemo;
		};
/* End PBXContainerItemProxy section */

/* Begin PBXFileReference section */
		0031D2FE20DE83D87CEE1C15 /* Pods_NFTAPIDemoTests.framework */ = {isa = PBXFileReference; explicitFileType = wrapper.framework; includeInIndex = 0; path = Pods_NFTAPIDemoTests.framework; sourceTree = BUILT_PRODUCTS_DIR; };
		03B998F619AC65E79FDE27F5 /* Pods-NFTAPIDemo-NFTAPIDemoUITests.release.xcconfig */ = {isa = PBXFileReference; includeInIndex = 1; lastKnownFileType = text.xcconfig; name = "Pods-NFTAPIDemo-NFTAPIDemoUITests.release.xcconfig"; path = "Target Support Files/Pods-NFTAPIDemo-NFTAPIDemoUITests/Pods-NFTAPIDemo-NFTAPIDemoUITests.release.xcconfig"; sourceTree = "<group>"; };
		2DA345571C91F4D11EC23D90 /* Pods-NFTAPIDemo.release.xcconfig */ = {isa = PBXFileReference; includeInIndex = 1; lastKnownFileType = text.xcconfig; name = "Pods-NFTAPIDemo.release.xcconfig"; path = "Target Support Files/Pods-NFTAPIDemo/Pods-NFTAPIDemo.release.xcconfig"; sourceTree = "<group>"; };
		5B635A682C987EFDAE44AEC6 /* Pods_NFTAPIDemo_NFTAPIDemoUITests.framework */ = {isa = PBXFileReference; explicitFileType = wrapper.framework; includeInIndex = 0; path = Pods_NFTAPIDemo_NFTAPIDemoUITests.framework; sourceTree = BUILT_PRODUCTS_DIR; };
		5CAF544B3E231F7EF14AFE79 /* Pods_NFTAPIDemo.framework */ = {isa = PBXFileReference; explicitFileType = wrapper.framework; includeInIndex = 0; path = Pods_NFTAPIDemo.framework; sourceTree = BUILT_PRODUCTS_DIR; };
		5D6481F5DFF70B5251495B60 /* Pods-NFTAPIDemoTests.debug.xcconfig */ = {isa = PBXFileReference; includeInIndex = 1; lastKnownFileType = text.xcconfig; name = "Pods-NFTAPIDemoTests.debug.xcconfig"; path = "Target Support Files/Pods-NFTAPIDemoTests/Pods-NFTAPIDemoTests.debug.xcconfig"; sourceTree = "<group>"; };
		716ACA66160965F76B087A9A /* Pods-NFTAPIDemo.debug.xcconfig */ = {isa = PBXFileReference; includeInIndex = 1; lastKnownFileType = text.xcconfig; name = "Pods-NFTAPIDemo.debug.xcconfig"; path = "Target Support Files/Pods-NFTAPIDemo/Pods-NFTAPIDemo.debug.xcconfig"; sourceTree = "<group>"; };
		B42D88E026B8221A000FD120 /* OpenSea.swift */ = {isa = PBXFileReference; lastKnownFileType = sourcecode.swift; path = OpenSea.swift; sourceTree = "<group>"; };
		B42D88E826B98EA3000FD120 /* User.swift */ = {isa = PBXFileReference; fileEncoding = 4; lastKnownFileType = sourcecode.swift; path = User.swift; sourceTree = "<group>"; };
		B42D88E926B98EA3000FD120 /* Article.swift */ = {isa = PBXFileReference; fileEncoding = 4; lastKnownFileType = sourcecode.swift; path = Article.swift; sourceTree = "<group>"; };
		B42D88EC26B99823000FD120 /* NFTTableViewCell.swift */ = {isa = PBXFileReference; lastKnownFileType = sourcecode.swift; path = NFTTableViewCell.swift; sourceTree = "<group>"; };
		B42D88EE26B9BF6E000FD120 /* WebViewController.storyboard */ = {isa = PBXFileReference; lastKnownFileType = file.storyboard; path = WebViewController.storyboard; sourceTree = "<group>"; };
		B42D88F026B9BF9E000FD120 /* WebViewController.swift */ = {isa = PBXFileReference; lastKnownFileType = sourcecode.swift; path = WebViewController.swift; sourceTree = "<group>"; };
		B42D88F226B9BFF9000FD120 /* WebKit.framework */ = {isa = PBXFileReference; lastKnownFileType = wrapper.framework; name = WebKit.framework; path = System/Library/Frameworks/WebKit.framework; sourceTree = SDKROOT; };
		B4CD78AF26B724E70026D798 /* NFTAPIDemo.app */ = {isa = PBXFileReference; explicitFileType = wrapper.application; includeInIndex = 0; path = NFTAPIDemo.app; sourceTree = BUILT_PRODUCTS_DIR; };
		B4CD78B226B724E70026D798 /* AppDelegate.swift */ = {isa = PBXFileReference; lastKnownFileType = sourcecode.swift; path = AppDelegate.swift; sourceTree = "<group>"; };
		B4CD78B426B724E70026D798 /* SceneDelegate.swift */ = {isa = PBXFileReference; lastKnownFileType = sourcecode.swift; path = SceneDelegate.swift; sourceTree = "<group>"; };
		B4CD78B626B724E70026D798 /* ViewController.swift */ = {isa = PBXFileReference; lastKnownFileType = sourcecode.swift; path = ViewController.swift; sourceTree = "<group>"; };
		B4CD78B926B724E70026D798 /* Base */ = {isa = PBXFileReference; lastKnownFileType = file.storyboard; name = Base; path = Base.lproj/Main.storyboard; sourceTree = "<group>"; };
		B4CD78BB26B724E90026D798 /* Assets.xcassets */ = {isa = PBXFileReference; lastKnownFileType = folder.assetcatalog; path = Assets.xcassets; sourceTree = "<group>"; };
		B4CD78BE26B724E90026D798 /* Base */ = {isa = PBXFileReference; lastKnownFileType = file.storyboard; name = Base; path = Base.lproj/LaunchScreen.storyboard; sourceTree = "<group>"; };
		B4CD78C026B724E90026D798 /* Info.plist */ = {isa = PBXFileReference; lastKnownFileType = text.plist.xml; path = Info.plist; sourceTree = "<group>"; };
		B4CD78C526B724E90026D798 /* NFTAPIDemoTests.xctest */ = {isa = PBXFileReference; explicitFileType = wrapper.cfbundle; includeInIndex = 0; path = NFTAPIDemoTests.xctest; sourceTree = BUILT_PRODUCTS_DIR; };
		B4CD78C926B724E90026D798 /* NFTAPIDemoTests.swift */ = {isa = PBXFileReference; lastKnownFileType = sourcecode.swift; path = NFTAPIDemoTests.swift; sourceTree = "<group>"; };
		B4CD78CB26B724E90026D798 /* Info.plist */ = {isa = PBXFileReference; lastKnownFileType = text.plist.xml; path = Info.plist; sourceTree = "<group>"; };
		B4CD78D026B724E90026D798 /* NFTAPIDemoUITests.xctest */ = {isa = PBXFileReference; explicitFileType = wrapper.cfbundle; includeInIndex = 0; path = NFTAPIDemoUITests.xctest; sourceTree = BUILT_PRODUCTS_DIR; };
		B4CD78D426B724E90026D798 /* NFTAPIDemoUITests.swift */ = {isa = PBXFileReference; lastKnownFileType = sourcecode.swift; path = NFTAPIDemoUITests.swift; sourceTree = "<group>"; };
		B4CD78D626B724E90026D798 /* Info.plist */ = {isa = PBXFileReference; lastKnownFileType = text.plist.xml; path = Info.plist; sourceTree = "<group>"; };
		D620C6316240FFE751755629 /* Pods-NFTAPIDemoTests.release.xcconfig */ = {isa = PBXFileReference; includeInIndex = 1; lastKnownFileType = text.xcconfig; name = "Pods-NFTAPIDemoTests.release.xcconfig"; path = "Target Support Files/Pods-NFTAPIDemoTests/Pods-NFTAPIDemoTests.release.xcconfig"; sourceTree = "<group>"; };
		E3DF014236FA1DADDABDB696 /* Pods-NFTAPIDemo-NFTAPIDemoUITests.debug.xcconfig */ = {isa = PBXFileReference; includeInIndex = 1; lastKnownFileType = text.xcconfig; name = "Pods-NFTAPIDemo-NFTAPIDemoUITests.debug.xcconfig"; path = "Target Support Files/Pods-NFTAPIDemo-NFTAPIDemoUITests/Pods-NFTAPIDemo-NFTAPIDemoUITests.debug.xcconfig"; sourceTree = "<group>"; };
/* End PBXFileReference section */

/* Begin PBXFrameworksBuildPhase section */
		B4CD78AC26B724E70026D798 /* Frameworks */ = {
			isa = PBXFrameworksBuildPhase;
			buildActionMask = 2147483647;
			files = (
				B42D88F326B9BFF9000FD120 /* WebKit.framework in Frameworks */,
				3E001134CBE8A8D0B553600E /* Pods_NFTAPIDemo.framework in Frameworks */,
			);
			runOnlyForDeploymentPostprocessing = 0;
		};
		B4CD78C226B724E90026D798 /* Frameworks */ = {
			isa = PBXFrameworksBuildPhase;
			buildActionMask = 2147483647;
			files = (
				3372C0ABF6850A86FCA11BC6 /* Pods_NFTAPIDemoTests.framework in Frameworks */,
			);
			runOnlyForDeploymentPostprocessing = 0;
		};
		B4CD78CD26B724E90026D798 /* Frameworks */ = {
			isa = PBXFrameworksBuildPhase;
			buildActionMask = 2147483647;
			files = (
				D842F35F7634D05CBFA07E3F /* Pods_NFTAPIDemo_NFTAPIDemoUITests.framework in Frameworks */,
			);
			runOnlyForDeploymentPostprocessing = 0;
		};
/* End PBXFrameworksBuildPhase section */

/* Begin PBXGroup section */
		7C0517196A9A406BF573C0D1 /* Pods */ = {
			isa = PBXGroup;
			children = (
				716ACA66160965F76B087A9A /* Pods-NFTAPIDemo.debug.xcconfig */,
				2DA345571C91F4D11EC23D90 /* Pods-NFTAPIDemo.release.xcconfig */,
				E3DF014236FA1DADDABDB696 /* Pods-NFTAPIDemo-NFTAPIDemoUITests.debug.xcconfig */,
				03B998F619AC65E79FDE27F5 /* Pods-NFTAPIDemo-NFTAPIDemoUITests.release.xcconfig */,
				5D6481F5DFF70B5251495B60 /* Pods-NFTAPIDemoTests.debug.xcconfig */,
				D620C6316240FFE751755629 /* Pods-NFTAPIDemoTests.release.xcconfig */,
			);
			path = Pods;
			sourceTree = "<group>";
		};
		B42D88DE26B75957000FD120 /* Models */ = {
			isa = PBXGroup;
			children = (
				B42D88E926B98EA3000FD120 /* Article.swift */,
				B42D88E826B98EA3000FD120 /* User.swift */,
				B42D88E026B8221A000FD120 /* OpenSea.swift */,
			);
			path = Models;
			sourceTree = "<group>";
		};
		B4CD78A626B724E70026D798 = {
			isa = PBXGroup;
			children = (
				B4CD78B126B724E70026D798 /* NFTAPIDemo */,
				B4CD78C826B724E90026D798 /* NFTAPIDemoTests */,
				B4CD78D326B724E90026D798 /* NFTAPIDemoUITests */,
				B4CD78B026B724E70026D798 /* Products */,
				7C0517196A9A406BF573C0D1 /* Pods */,
				CB4E522DD4880A88B26E3118 /* Frameworks */,
			);
			sourceTree = "<group>";
		};
		B4CD78B026B724E70026D798 /* Products */ = {
			isa = PBXGroup;
			children = (
				B4CD78AF26B724E70026D798 /* NFTAPIDemo.app */,
				B4CD78C526B724E90026D798 /* NFTAPIDemoTests.xctest */,
				B4CD78D026B724E90026D798 /* NFTAPIDemoUITests.xctest */,
			);
			name = Products;
			sourceTree = "<group>";
		};
		B4CD78B126B724E70026D798 /* NFTAPIDemo */ = {
			isa = PBXGroup;
			children = (
				B4CD78B226B724E70026D798 /* AppDelegate.swift */,
				B4CD78B426B724E70026D798 /* SceneDelegate.swift */,
				B42D88DE26B75957000FD120 /* Models */,
				B4CD78B626B724E70026D798 /* ViewController.swift */,
				B42D88F026B9BF9E000FD120 /* WebViewController.swift */,
				B42D88EC26B99823000FD120 /* NFTTableViewCell.swift */,
				B4CD78B826B724E70026D798 /* Main.storyboard */,
				B42D88EE26B9BF6E000FD120 /* WebViewController.storyboard */,
				B4CD78BB26B724E90026D798 /* Assets.xcassets */,
				B4CD78BD26B724E90026D798 /* LaunchScreen.storyboard */,
				B4CD78C026B724E90026D798 /* Info.plist */,
			);
			path = NFTAPIDemo;
			sourceTree = "<group>";
		};
		B4CD78C826B724E90026D798 /* NFTAPIDemoTests */ = {
			isa = PBXGroup;
			children = (
				B4CD78C926B724E90026D798 /* NFTAPIDemoTests.swift */,
				B4CD78CB26B724E90026D798 /* Info.plist */,
			);
			path = NFTAPIDemoTests;
			sourceTree = "<group>";
		};
		B4CD78D326B724E90026D798 /* NFTAPIDemoUITests */ = {
			isa = PBXGroup;
			children = (
				B4CD78D426B724E90026D798 /* NFTAPIDemoUITests.swift */,
				B4CD78D626B724E90026D798 /* Info.plist */,
			);
			path = NFTAPIDemoUITests;
			sourceTree = "<group>";
		};
		CB4E522DD4880A88B26E3118 /* Frameworks */ = {
			isa = PBXGroup;
			children = (
				B42D88F226B9BFF9000FD120 /* WebKit.framework */,
				5CAF544B3E231F7EF14AFE79 /* Pods_NFTAPIDemo.framework */,
				5B635A682C987EFDAE44AEC6 /* Pods_NFTAPIDemo_NFTAPIDemoUITests.framework */,
				0031D2FE20DE83D87CEE1C15 /* Pods_NFTAPIDemoTests.framework */,
			);
			name = Frameworks;
			sourceTree = "<group>";
		};
/* End PBXGroup section */

/* Begin PBXNativeTarget section */
		B4CD78AE26B724E70026D798 /* NFTAPIDemo */ = {
			isa = PBXNativeTarget;
			buildConfigurationList = B4CD78D926B724E90026D798 /* Build configuration list for PBXNativeTarget "NFTAPIDemo" */;
			buildPhases = (
				8D2A991FB043CE84273451D0 /* [CP] Check Pods Manifest.lock */,
				B4CD78AB26B724E70026D798 /* Sources */,
				B4CD78AC26B724E70026D798 /* Frameworks */,
				B4CD78AD26B724E70026D798 /* Resources */,
				2EA3355A513AA30D95E5BFE5 /* [CP] Embed Pods Frameworks */,
			);
			buildRules = (
			);
			dependencies = (
			);
			name = NFTAPIDemo;
			productName = NFTAPIDemo;
			productReference = B4CD78AF26B724E70026D798 /* NFTAPIDemo.app */;
			productType = "com.apple.product-type.application";
		};
		B4CD78C426B724E90026D798 /* NFTAPIDemoTests */ = {
			isa = PBXNativeTarget;
			buildConfigurationList = B4CD78DC26B724E90026D798 /* Build configuration list for PBXNativeTarget "NFTAPIDemoTests" */;
			buildPhases = (
				A0A0E58BF7DD4D8DFF01F3B9 /* [CP] Check Pods Manifest.lock */,
				B4CD78C126B724E90026D798 /* Sources */,
				B4CD78C226B724E90026D798 /* Frameworks */,
				B4CD78C326B724E90026D798 /* Resources */,
			);
			buildRules = (
			);
			dependencies = (
				B4CD78C726B724E90026D798 /* PBXTargetDependency */,
			);
			name = NFTAPIDemoTests;
			productName = NFTAPIDemoTests;
			productReference = B4CD78C526B724E90026D798 /* NFTAPIDemoTests.xctest */;
			productType = "com.apple.product-type.bundle.unit-test";
		};
		B4CD78CF26B724E90026D798 /* NFTAPIDemoUITests */ = {
			isa = PBXNativeTarget;
			buildConfigurationList = B4CD78DF26B724E90026D798 /* Build configuration list for PBXNativeTarget "NFTAPIDemoUITests" */;
			buildPhases = (
				68D9412DAAFB05DD645CCE03 /* [CP] Check Pods Manifest.lock */,
				B4CD78CC26B724E90026D798 /* Sources */,
				B4CD78CD26B724E90026D798 /* Frameworks */,
				B4CD78CE26B724E90026D798 /* Resources */,
				A0068A223EFA0C712B6CC10E /* [CP] Embed Pods Frameworks */,
			);
			buildRules = (
			);
			dependencies = (
				B4CD78D226B724E90026D798 /* PBXTargetDependency */,
			);
			name = NFTAPIDemoUITests;
			productName = NFTAPIDemoUITests;
			productReference = B4CD78D026B724E90026D798 /* NFTAPIDemoUITests.xctest */;
			productType = "com.apple.product-type.bundle.ui-testing";
		};
/* End PBXNativeTarget section */

/* Begin PBXProject section */
		B4CD78A726B724E70026D798 /* Project object */ = {
			isa = PBXProject;
			attributes = {
				LastSwiftUpdateCheck = 1250;
				LastUpgradeCheck = 1250;
				TargetAttributes = {
					B4CD78AE26B724E70026D798 = {
						CreatedOnToolsVersion = 12.5;
					};
					B4CD78C426B724E90026D798 = {
						CreatedOnToolsVersion = 12.5;
						TestTargetID = B4CD78AE26B724E70026D798;
					};
					B4CD78CF26B724E90026D798 = {
						CreatedOnToolsVersion = 12.5;
						TestTargetID = B4CD78AE26B724E70026D798;
					};
				};
			};
			buildConfigurationList = B4CD78AA26B724E70026D798 /* Build configuration list for PBXProject "NFTAPIDemo" */;
			compatibilityVersion = "Xcode 9.3";
			developmentRegion = en;
			hasScannedForEncodings = 0;
			knownRegions = (
				en,
				Base,
			);
			mainGroup = B4CD78A626B724E70026D798;
			productRefGroup = B4CD78B026B724E70026D798 /* Products */;
			projectDirPath = "";
			projectRoot = "";
			targets = (
				B4CD78AE26B724E70026D798 /* NFTAPIDemo */,
				B4CD78C426B724E90026D798 /* NFTAPIDemoTests */,
				B4CD78CF26B724E90026D798 /* NFTAPIDemoUITests */,
			);
		};
/* End PBXProject section */

/* Begin PBXResourcesBuildPhase section */
		B4CD78AD26B724E70026D798 /* Resources */ = {
			isa = PBXResourcesBuildPhase;
			buildActionMask = 2147483647;
			files = (
				B42D88EF26B9BF6E000FD120 /* WebViewController.storyboard in Resources */,
				B4CD78BF26B724E90026D798 /* LaunchScreen.storyboard in Resources */,
				B4CD78BC26B724E90026D798 /* Assets.xcassets in Resources */,
				B4CD78BA26B724E70026D798 /* Main.storyboard in Resources */,
			);
			runOnlyForDeploymentPostprocessing = 0;
		};
		B4CD78C326B724E90026D798 /* Resources */ = {
			isa = PBXResourcesBuildPhase;
			buildActionMask = 2147483647;
			files = (
			);
			runOnlyForDeploymentPostprocessing = 0;
		};
		B4CD78CE26B724E90026D798 /* Resources */ = {
			isa = PBXResourcesBuildPhase;
			buildActionMask = 2147483647;
			files = (
			);
			runOnlyForDeploymentPostprocessing = 0;
		};
/* End PBXResourcesBuildPhase section */

/* Begin PBXShellScriptBuildPhase section */
		2EA3355A513AA30D95E5BFE5 /* [CP] Embed Pods Frameworks */ = {
			isa = PBXShellScriptBuildPhase;
			buildActionMask = 2147483647;
			files = (
			);
			inputFileListPaths = (
				"${PODS_ROOT}/Target Support Files/Pods-NFTAPIDemo/Pods-NFTAPIDemo-frameworks-${CONFIGURATION}-input-files.xcfilelist",
			);
			name = "[CP] Embed Pods Frameworks";
			outputFileListPaths = (
				"${PODS_ROOT}/Target Support Files/Pods-NFTAPIDemo/Pods-NFTAPIDemo-frameworks-${CONFIGURATION}-output-files.xcfilelist",
			);
			runOnlyForDeploymentPostprocessing = 0;
			shellPath = /bin/sh;
			shellScript = "\"${PODS_ROOT}/Target Support Files/Pods-NFTAPIDemo/Pods-NFTAPIDemo-frameworks.sh\"\n";
			showEnvVarsInLog = 0;
		};
		68D9412DAAFB05DD645CCE03 /* [CP] Check Pods Manifest.lock */ = {
			isa = PBXShellScriptBuildPhase;
			buildActionMask = 2147483647;
			files = (
			);
			inputFileListPaths = (
			);
			inputPaths = (
				"${PODS_PODFILE_DIR_PATH}/Podfile.lock",
				"${PODS_ROOT}/Manifest.lock",
			);
			name = "[CP] Check Pods Manifest.lock";
			outputFileListPaths = (
			);
			outputPaths = (
				"$(DERIVED_FILE_DIR)/Pods-NFTAPIDemo-NFTAPIDemoUITests-checkManifestLockResult.txt",
			);
			runOnlyForDeploymentPostprocessing = 0;
			shellPath = /bin/sh;
			shellScript = "diff \"${PODS_PODFILE_DIR_PATH}/Podfile.lock\" \"${PODS_ROOT}/Manifest.lock\" > /dev/null\nif [ $? != 0 ] ; then\n    # print error to STDERR\n    echo \"error: The sandbox is not in sync with the Podfile.lock. Run 'pod install' or update your CocoaPods installation.\" >&2\n    exit 1\nfi\n# This output is used by Xcode 'outputs' to avoid re-running this script phase.\necho \"SUCCESS\" > \"${SCRIPT_OUTPUT_FILE_0}\"\n";
			showEnvVarsInLog = 0;
		};
		8D2A991FB043CE84273451D0 /* [CP] Check Pods Manifest.lock */ = {
			isa = PBXShellScriptBuildPhase;
			buildActionMask = 2147483647;
			files = (
			);
			inputFileListPaths = (
			);
			inputPaths = (
				"${PODS_PODFILE_DIR_PATH}/Podfile.lock",
				"${PODS_ROOT}/Manifest.lock",
			);
			name = "[CP] Check Pods Manifest.lock";
			outputFileListPaths = (
			);
			outputPaths = (
				"$(DERIVED_FILE_DIR)/Pods-NFTAPIDemo-checkManifestLockResult.txt",
			);
			runOnlyForDeploymentPostprocessing = 0;
			shellPath = /bin/sh;
			shellScript = "diff \"${PODS_PODFILE_DIR_PATH}/Podfile.lock\" \"${PODS_ROOT}/Manifest.lock\" > /dev/null\nif [ $? != 0 ] ; then\n    # print error to STDERR\n    echo \"error: The sandbox is not in sync with the Podfile.lock. Run 'pod install' or update your CocoaPods installation.\" >&2\n    exit 1\nfi\n# This output is used by Xcode 'outputs' to avoid re-running this script phase.\necho \"SUCCESS\" > \"${SCRIPT_OUTPUT_FILE_0}\"\n";
			showEnvVarsInLog = 0;
		};
		A0068A223EFA0C712B6CC10E /* [CP] Embed Pods Frameworks */ = {
			isa = PBXShellScriptBuildPhase;
			buildActionMask = 2147483647;
			files = (
			);
			inputFileListPaths = (
				"${PODS_ROOT}/Target Support Files/Pods-NFTAPIDemo-NFTAPIDemoUITests/Pods-NFTAPIDemo-NFTAPIDemoUITests-frameworks-${CONFIGURATION}-input-files.xcfilelist",
			);
			name = "[CP] Embed Pods Frameworks";
			outputFileListPaths = (
				"${PODS_ROOT}/Target Support Files/Pods-NFTAPIDemo-NFTAPIDemoUITests/Pods-NFTAPIDemo-NFTAPIDemoUITests-frameworks-${CONFIGURATION}-output-files.xcfilelist",
			);
			runOnlyForDeploymentPostprocessing = 0;
			shellPath = /bin/sh;
			shellScript = "\"${PODS_ROOT}/Target Support Files/Pods-NFTAPIDemo-NFTAPIDemoUITests/Pods-NFTAPIDemo-NFTAPIDemoUITests-frameworks.sh\"\n";
			showEnvVarsInLog = 0;
		};
		A0A0E58BF7DD4D8DFF01F3B9 /* [CP] Check Pods Manifest.lock */ = {
			isa = PBXShellScriptBuildPhase;
			buildActionMask = 2147483647;
			files = (
			);
			inputFileListPaths = (
			);
			inputPaths = (
				"${PODS_PODFILE_DIR_PATH}/Podfile.lock",
				"${PODS_ROOT}/Manifest.lock",
			);
			name = "[CP] Check Pods Manifest.lock";
			outputFileListPaths = (
			);
			outputPaths = (
				"$(DERIVED_FILE_DIR)/Pods-NFTAPIDemoTests-checkManifestLockResult.txt",
			);
			runOnlyForDeploymentPostprocessing = 0;
			shellPath = /bin/sh;
			shellScript = "diff \"${PODS_PODFILE_DIR_PATH}/Podfile.lock\" \"${PODS_ROOT}/Manifest.lock\" > /dev/null\nif [ $? != 0 ] ; then\n    # print error to STDERR\n    echo \"error: The sandbox is not in sync with the Podfile.lock. Run 'pod install' or update your CocoaPods installation.\" >&2\n    exit 1\nfi\n# This output is used by Xcode 'outputs' to avoid re-running this script phase.\necho \"SUCCESS\" > \"${SCRIPT_OUTPUT_FILE_0}\"\n";
			showEnvVarsInLog = 0;
		};
/* End PBXShellScriptBuildPhase section */

/* Begin PBXSourcesBuildPhase section */
		B4CD78AB26B724E70026D798 /* Sources */ = {
			isa = PBXSourcesBuildPhase;
			buildActionMask = 2147483647;
			files = (
				B42D88ED26B99823000FD120 /* NFTTableViewCell.swift in Sources */,
				B4CD78B726B724E70026D798 /* ViewController.swift in Sources */,
				B4CD78B326B724E70026D798 /* AppDelegate.swift in Sources */,
				B42D88EB26B98EA3000FD120 /* Article.swift in Sources */,
				B4CD78B526B724E70026D798 /* SceneDelegate.swift in Sources */,
				B42D88EA26B98EA3000FD120 /* User.swift in Sources */,
				B42D88E126B8221A000FD120 /* OpenSea.swift in Sources */,
				B42D88F126B9BF9E000FD120 /* WebViewController.swift in Sources */,
			);
			runOnlyForDeploymentPostprocessing = 0;
		};
		B4CD78C126B724E90026D798 /* Sources */ = {
			isa = PBXSourcesBuildPhase;
			buildActionMask = 2147483647;
			files = (
				B4CD78CA26B724E90026D798 /* NFTAPIDemoTests.swift in Sources */,
			);
			runOnlyForDeploymentPostprocessing = 0;
		};
		B4CD78CC26B724E90026D798 /* Sources */ = {
			isa = PBXSourcesBuildPhase;
			buildActionMask = 2147483647;
			files = (
				B4CD78D526B724E90026D798 /* NFTAPIDemoUITests.swift in Sources */,
			);
			runOnlyForDeploymentPostprocessing = 0;
		};
/* End PBXSourcesBuildPhase section */

/* Begin PBXTargetDependency section */
		B4CD78C726B724E90026D798 /* PBXTargetDependency */ = {
			isa = PBXTargetDependency;
			target = B4CD78AE26B724E70026D798 /* NFTAPIDemo */;
			targetProxy = B4CD78C626B724E90026D798 /* PBXContainerItemProxy */;
		};
		B4CD78D226B724E90026D798 /* PBXTargetDependency */ = {
			isa = PBXTargetDependency;
			target = B4CD78AE26B724E70026D798 /* NFTAPIDemo */;
			targetProxy = B4CD78D126B724E90026D798 /* PBXContainerItemProxy */;
		};
/* End PBXTargetDependency section */

/* Begin PBXVariantGroup section */
		B4CD78B826B724E70026D798 /* Main.storyboard */ = {
			isa = PBXVariantGroup;
			children = (
				B4CD78B926B724E70026D798 /* Base */,
			);
			name = Main.storyboard;
			sourceTree = "<group>";
		};
		B4CD78BD26B724E90026D798 /* LaunchScreen.storyboard */ = {
			isa = PBXVariantGroup;
			children = (
				B4CD78BE26B724E90026D798 /* Base */,
			);
			name = LaunchScreen.storyboard;
			sourceTree = "<group>";
		};
/* End PBXVariantGroup section */

/* Begin XCBuildConfiguration section */
		B4CD78D726B724E90026D798 /* Debug */ = {
			isa = XCBuildConfiguration;
			buildSettings = {
				ALWAYS_SEARCH_USER_PATHS = NO;
				CLANG_ANALYZER_NONNULL = YES;
				CLANG_ANALYZER_NUMBER_OBJECT_CONVERSION = YES_AGGRESSIVE;
				CLANG_CXX_LANGUAGE_STANDARD = "gnu++14";
				CLANG_CXX_LIBRARY = "libc++";
				CLANG_ENABLE_MODULES = YES;
				CLANG_ENABLE_OBJC_ARC = YES;
				CLANG_ENABLE_OBJC_WEAK = YES;
				CLANG_WARN_BLOCK_CAPTURE_AUTORELEASING = YES;
				CLANG_WARN_BOOL_CONVERSION = YES;
				CLANG_WARN_COMMA = YES;
				CLANG_WARN_CONSTANT_CONVERSION = YES;
				CLANG_WARN_DEPRECATED_OBJC_IMPLEMENTATIONS = YES;
				CLANG_WARN_DIRECT_OBJC_ISA_USAGE = YES_ERROR;
				CLANG_WARN_DOCUMENTATION_COMMENTS = YES;
				CLANG_WARN_EMPTY_BODY = YES;
				CLANG_WARN_ENUM_CONVERSION = YES;
				CLANG_WARN_INFINITE_RECURSION = YES;
				CLANG_WARN_INT_CONVERSION = YES;
				CLANG_WARN_NON_LITERAL_NULL_CONVERSION = YES;
				CLANG_WARN_OBJC_IMPLICIT_RETAIN_SELF = YES;
				CLANG_WARN_OBJC_LITERAL_CONVERSION = YES;
				CLANG_WARN_OBJC_ROOT_CLASS = YES_ERROR;
				CLANG_WARN_QUOTED_INCLUDE_IN_FRAMEWORK_HEADER = YES;
				CLANG_WARN_RANGE_LOOP_ANALYSIS = YES;
				CLANG_WARN_STRICT_PROTOTYPES = YES;
				CLANG_WARN_SUSPICIOUS_MOVE = YES;
				CLANG_WARN_UNGUARDED_AVAILABILITY = YES_AGGRESSIVE;
				CLANG_WARN_UNREACHABLE_CODE = YES;
				CLANG_WARN__DUPLICATE_METHOD_MATCH = YES;
				COPY_PHASE_STRIP = NO;
				DEBUG_INFORMATION_FORMAT = dwarf;
				ENABLE_STRICT_OBJC_MSGSEND = YES;
				ENABLE_TESTABILITY = YES;
				GCC_C_LANGUAGE_STANDARD = gnu11;
				GCC_DYNAMIC_NO_PIC = NO;
				GCC_NO_COMMON_BLOCKS = YES;
				GCC_OPTIMIZATION_LEVEL = 0;
				GCC_PREPROCESSOR_DEFINITIONS = (
					"DEBUG=1",
					"$(inherited)",
				);
				GCC_WARN_64_TO_32_BIT_CONVERSION = YES;
				GCC_WARN_ABOUT_RETURN_TYPE = YES_ERROR;
				GCC_WARN_UNDECLARED_SELECTOR = YES;
				GCC_WARN_UNINITIALIZED_AUTOS = YES_AGGRESSIVE;
				GCC_WARN_UNUSED_FUNCTION = YES;
				GCC_WARN_UNUSED_VARIABLE = YES;
				IPHONEOS_DEPLOYMENT_TARGET = 14.5;
				MTL_ENABLE_DEBUG_INFO = INCLUDE_SOURCE;
				MTL_FAST_MATH = YES;
				ONLY_ACTIVE_ARCH = YES;
				SDKROOT = iphoneos;
				SWIFT_ACTIVE_COMPILATION_CONDITIONS = DEBUG;
				SWIFT_OPTIMIZATION_LEVEL = "-Onone";
			};
			name = Debug;
		};
		B4CD78D826B724E90026D798 /* Release */ = {
			isa = XCBuildConfiguration;
			buildSettings = {
				ALWAYS_SEARCH_USER_PATHS = NO;
				CLANG_ANALYZER_NONNULL = YES;
				CLANG_ANALYZER_NUMBER_OBJECT_CONVERSION = YES_AGGRESSIVE;
				CLANG_CXX_LANGUAGE_STANDARD = "gnu++14";
				CLANG_CXX_LIBRARY = "libc++";
				CLANG_ENABLE_MODULES = YES;
				CLANG_ENABLE_OBJC_ARC = YES;
				CLANG_ENABLE_OBJC_WEAK = YES;
				CLANG_WARN_BLOCK_CAPTURE_AUTORELEASING = YES;
				CLANG_WARN_BOOL_CONVERSION = YES;
				CLANG_WARN_COMMA = YES;
				CLANG_WARN_CONSTANT_CONVERSION = YES;
				CLANG_WARN_DEPRECATED_OBJC_IMPLEMENTATIONS = YES;
				CLANG_WARN_DIRECT_OBJC_ISA_USAGE = YES_ERROR;
				CLANG_WARN_DOCUMENTATION_COMMENTS = YES;
				CLANG_WARN_EMPTY_BODY = YES;
				CLANG_WARN_ENUM_CONVERSION = YES;
				CLANG_WARN_INFINITE_RECURSION = YES;
				CLANG_WARN_INT_CONVERSION = YES;
				CLANG_WARN_NON_LITERAL_NULL_CONVERSION = YES;
				CLANG_WARN_OBJC_IMPLICIT_RETAIN_SELF = YES;
				CLANG_WARN_OBJC_LITERAL_CONVERSION = YES;
				CLANG_WARN_OBJC_ROOT_CLASS = YES_ERROR;
				CLANG_WARN_QUOTED_INCLUDE_IN_FRAMEWORK_HEADER = YES;
				CLANG_WARN_RANGE_LOOP_ANALYSIS = YES;
				CLANG_WARN_STRICT_PROTOTYPES = YES;
				CLANG_WARN_SUSPICIOUS_MOVE = YES;
				CLANG_WARN_UNGUARDED_AVAILABILITY = YES_AGGRESSIVE;
				CLANG_WARN_UNREACHABLE_CODE = YES;
				CLANG_WARN__DUPLICATE_METHOD_MATCH = YES;
				COPY_PHASE_STRIP = NO;
				DEBUG_INFORMATION_FORMAT = "dwarf-with-dsym";
				ENABLE_NS_ASSERTIONS = NO;
				ENABLE_STRICT_OBJC_MSGSEND = YES;
				GCC_C_LANGUAGE_STANDARD = gnu11;
				GCC_NO_COMMON_BLOCKS = YES;
				GCC_WARN_64_TO_32_BIT_CONVERSION = YES;
				GCC_WARN_ABOUT_RETURN_TYPE = YES_ERROR;
				GCC_WARN_UNDECLARED_SELECTOR = YES;
				GCC_WARN_UNINITIALIZED_AUTOS = YES_AGGRESSIVE;
				GCC_WARN_UNUSED_FUNCTION = YES;
				GCC_WARN_UNUSED_VARIABLE = YES;
				IPHONEOS_DEPLOYMENT_TARGET = 14.5;
				MTL_ENABLE_DEBUG_INFO = NO;
				MTL_FAST_MATH = YES;
				SDKROOT = iphoneos;
				SWIFT_COMPILATION_MODE = wholemodule;
				SWIFT_OPTIMIZATION_LEVEL = "-O";
				VALIDATE_PRODUCT = YES;
			};
			name = Release;
		};
		B4CD78DA26B724E90026D798 /* Debug */ = {
			isa = XCBuildConfiguration;
			baseConfigurationReference = 716ACA66160965F76B087A9A /* Pods-NFTAPIDemo.debug.xcconfig */;
			buildSettings = {
				ASSETCATALOG_COMPILER_APPICON_NAME = AppIcon;
				ASSETCATALOG_COMPILER_GLOBAL_ACCENT_COLOR_NAME = AccentColor;
				CODE_SIGN_STYLE = Automatic;
				DEVELOPMENT_TEAM = 2NJ7BYYV75;
				INFOPLIST_FILE = NFTAPIDemo/Info.plist;
				LD_RUNPATH_SEARCH_PATHS = (
					"$(inherited)",
					"@executable_path/Frameworks",
				);
				PRODUCT_BUNDLE_IDENTIFIER = jp.phontwerp.NFTAPIDemo;
				PRODUCT_NAME = "$(TARGET_NAME)";
				SWIFT_VERSION = 5.0;
				TARGETED_DEVICE_FAMILY = "1,2";
			};
			name = Debug;
		};
		B4CD78DB26B724E90026D798 /* Release */ = {
			isa = XCBuildConfiguration;
			baseConfigurationReference = 2DA345571C91F4D11EC23D90 /* Pods-NFTAPIDemo.release.xcconfig */;
			buildSettings = {
				ASSETCATALOG_COMPILER_APPICON_NAME = AppIcon;
				ASSETCATALOG_COMPILER_GLOBAL_ACCENT_COLOR_NAME = AccentColor;
				CODE_SIGN_STYLE = Automatic;
				DEVELOPMENT_TEAM = 2NJ7BYYV75;
				INFOPLIST_FILE = NFTAPIDemo/Info.plist;
				LD_RUNPATH_SEARCH_PATHS = (
					"$(inherited)",
					"@executable_path/Frameworks",
				);
				PRODUCT_BUNDLE_IDENTIFIER = jp.phontwerp.NFTAPIDemo;
				PRODUCT_NAME = "$(TARGET_NAME)";
				SWIFT_VERSION = 5.0;
				TARGETED_DEVICE_FAMILY = "1,2";
			};
			name = Release;
		};
		B4CD78DD26B724E90026D798 /* Debug */ = {
			isa = XCBuildConfiguration;
			baseConfigurationReference = 5D6481F5DFF70B5251495B60 /* Pods-NFTAPIDemoTests.debug.xcconfig */;
			buildSettings = {
				ALWAYS_EMBED_SWIFT_STANDARD_LIBRARIES = YES;
				BUNDLE_LOADER = "$(TEST_HOST)";
				CODE_SIGN_STYLE = Automatic;
				DEVELOPMENT_TEAM = 2NJ7BYYV75;
				INFOPLIST_FILE = NFTAPIDemoTests/Info.plist;
				IPHONEOS_DEPLOYMENT_TARGET = 14.5;
				LD_RUNPATH_SEARCH_PATHS = (
					"$(inherited)",
					"@executable_path/Frameworks",
					"@loader_path/Frameworks",
				);
				PRODUCT_BUNDLE_IDENTIFIER = jp.phontwerp.NFTAPIDemoTests;
				PRODUCT_NAME = "$(TARGET_NAME)";
				SWIFT_VERSION = 5.0;
				TARGETED_DEVICE_FAMILY = "1,2";
				TEST_HOST = "$(BUILT_PRODUCTS_DIR)/NFTAPIDemo.app/NFTAPIDemo";
			};
			name = Debug;
		};
		B4CD78DE26B724E90026D798 /* Release */ = {
			isa = XCBuildConfiguration;
			baseConfigurationReference = D620C6316240FFE751755629 /* Pods-NFTAPIDemoTests.release.xcconfig */;
			buildSettings = {
				ALWAYS_EMBED_SWIFT_STANDARD_LIBRARIES = YES;
				BUNDLE_LOADER = "$(TEST_HOST)";
				CODE_SIGN_STYLE = Automatic;
				DEVELOPMENT_TEAM = 2NJ7BYYV75;
				INFOPLIST_FILE = NFTAPIDemoTests/Info.plist;
				IPHONEOS_DEPLOYMENT_TARGET = 14.5;
				LD_RUNPATH_SEARCH_PATHS = (
					"$(inherited)",
					"@executable_path/Frameworks",
					"@loader_path/Frameworks",
				);
				PRODUCT_BUNDLE_IDENTIFIER = jp.phontwerp.NFTAPIDemoTests;
				PRODUCT_NAME = "$(TARGET_NAME)";
				SWIFT_VERSION = 5.0;
				TARGETED_DEVICE_FAMILY = "1,2";
				TEST_HOST = "$(BUILT_PRODUCTS_DIR)/NFTAPIDemo.app/NFTAPIDemo";
			};
			name = Release;
		};
		B4CD78E026B724E90026D798 /* Debug */ = {
			isa = XCBuildConfiguration;
			baseConfigurationReference = E3DF014236FA1DADDABDB696 /* Pods-NFTAPIDemo-NFTAPIDemoUITests.debug.xcconfig */;
			buildSettings = {
				ALWAYS_EMBED_SWIFT_STANDARD_LIBRARIES = YES;
				CODE_SIGN_STYLE = Automatic;
				DEVELOPMENT_TEAM = 2NJ7BYYV75;
				INFOPLIST_FILE = NFTAPIDemoUITests/Info.plist;
				LD_RUNPATH_SEARCH_PATHS = (
					"$(inherited)",
					"@executable_path/Frameworks",
					"@loader_path/Frameworks",
				);
				PRODUCT_BUNDLE_IDENTIFIER = jp.phontwerp.NFTAPIDemoUITests;
				PRODUCT_NAME = "$(TARGET_NAME)";
				SWIFT_VERSION = 5.0;
				TARGETED_DEVICE_FAMILY = "1,2";
				TEST_TARGET_NAME = NFTAPIDemo;
			};
			name = Debug;
		};
		B4CD78E126B724E90026D798 /* Release */ = {
			isa = XCBuildConfiguration;
			baseConfigurationReference = 03B998F619AC65E79FDE27F5 /* Pods-NFTAPIDemo-NFTAPIDemoUITests.release.xcconfig */;
			buildSettings = {
				ALWAYS_EMBED_SWIFT_STANDARD_LIBRARIES = YES;
				CODE_SIGN_STYLE = Automatic;
				DEVELOPMENT_TEAM = 2NJ7BYYV75;
				INFOPLIST_FILE = NFTAPIDemoUITests/Info.plist;
				LD_RUNPATH_SEARCH_PATHS = (
					"$(inherited)",
					"@executable_path/Frameworks",
					"@loader_path/Frameworks",
				);
				PRODUCT_BUNDLE_IDENTIFIER = jp.phontwerp.NFTAPIDemoUITests;
				PRODUCT_NAME = "$(TARGET_NAME)";
				SWIFT_VERSION = 5.0;
				TARGETED_DEVICE_FAMILY = "1,2";
				TEST_TARGET_NAME = NFTAPIDemo;
			};
			name = Release;
		};
/* End XCBuildConfiguration section */

/* Begin XCConfigurationList section */
		B4CD78AA26B724E70026D798 /* Build configuration list for PBXProject "NFTAPIDemo" */ = {
			isa = XCConfigurationList;
			buildConfigurations = (
				B4CD78D726B724E90026D798 /* Debug */,
				B4CD78D826B724E90026D798 /* Release */,
			);
			defaultConfigurationIsVisible = 0;
			defaultConfigurationName = Release;
		};
		B4CD78D926B724E90026D798 /* Build configuration list for PBXNativeTarget "NFTAPIDemo" */ = {
			isa = XCConfigurationList;
			buildConfigurations = (
				B4CD78DA26B724E90026D798 /* Debug */,
				B4CD78DB26B724E90026D798 /* Release */,
			);
			defaultConfigurationIsVisible = 0;
			defaultConfigurationName = Release;
		};
		B4CD78DC26B724E90026D798 /* Build configuration list for PBXNativeTarget "NFTAPIDemoTests" */ = {
			isa = XCConfigurationList;
			buildConfigurations = (
				B4CD78DD26B724E90026D798 /* Debug */,
				B4CD78DE26B724E90026D798 /* Release */,
			);
			defaultConfigurationIsVisible = 0;
			defaultConfigurationName = Release;
		};
		B4CD78DF26B724E90026D798 /* Build configuration list for PBXNativeTarget "NFTAPIDemoUITests" */ = {
			isa = XCConfigurationList;
			buildConfigurations = (
				B4CD78E026B724E90026D798 /* Debug */,
				B4CD78E126B724E90026D798 /* Release */,
			);
			defaultConfigurationIsVisible = 0;
			defaultConfigurationName = Release;
		};
/* End XCConfigurationList section */
	};
	rootObject = B4CD78A726B724E70026D798 /* Project object */;
}
